<?xml version="1.0" encoding="utf-8"?>
<Project ToolsVersion="4.0" xmlns="http://schemas.microsoft.com/developer/msbuild/2003">
  <ItemGroup>
    <Filter Include="Файлы заголовков">
      <UniqueIdentifier>{93995380-89BD-4b04-88EB-625FBE52EBFB}</UniqueIdentifier>
      <Extensions>h;hh;hpp;hxx;h++;hm;inl;inc;ipp;xsd</Extensions>
    </Filter>
    <Filter Include="Файлы ресурсов">
      <UniqueIdentifier>{67DA6AB6-F800-4c08-8B7A-83BB121AAD01}</UniqueIdentifier>
      <Extensions>rc;ico;cur;bmp;dlg;rc2;rct;bin;rgs;gif;jpg;jpeg;jpe;resx;tiff;tif;png;wav;mfcribbon-ms</Extensions>
    </Filter>
    <Filter Include="HomeWorks">
      <UniqueIdentifier>{33f29dc5-4a67-4645-9410-c6ab161c4fb5}</UniqueIdentifier>
    </Filter>
    <Filter Include="Utils">
      <UniqueIdentifier>{582009e9-c64a-4821-a04f-cfa63a3c7150}</UniqueIdentifier>
    </Filter>
  </ItemGroup>
  <ItemGroup>
    <ClCompile Include="Lesson13.cpp">
      <Filter>HomeWorks</Filter>
    </ClCompile>
    <ClCompile Include="Utils\DateTimeExample.cpp">
      <Filter>Utils</Filter>
    </ClCompile>
    <ClCompile Include="Utils\FilesIO.cpp">
      <Filter>Utils</Filter>
    </ClCompile>
    <ClCompile Include="TestProject.cpp">
      <Filter>Utils</Filter>
    </ClCompile>
    <ClCompile Include="HomeWorks\Lesson3.cpp">
      <Filter>HomeWorks</Filter>
    </ClCompile>
    <ClCompile Include="HomeWorks\Lesson4.cpp">
      <Filter>HomeWorks</Filter>
    </ClCompile>
    <ClCompile Include="HomeWorks\Lesson6.cpp">
      <Filter>HomeWorks</Filter>
    </ClCompile>
    <ClCompile Include="HomeWorks\Lesson7.cpp">
      <Filter>HomeWorks</Filter>
    </ClCompile>
    <ClCompile Include="HomeWorks\Lesson8cpp.cpp">
      <Filter>HomeWorks</Filter>
    </ClCompile>
    <ClCompile Include="HomeWorks\Lesson8Recurtion.cpp">
      <Filter>HomeWorks</Filter>
    </ClCompile>
    <ClCompile Include="HomeWorks\Lesson8Regular.cpp">
      <Filter>HomeWorks</Filter>
    </ClCompile>
    <ClCompile Include="HomeWorks\Lesson9.cpp">
      <Filter>HomeWorks</Filter>
    </ClCompile>
    <ClCompile Include="HomeWorks\Lesson10.cpp">
      <Filter>HomeWorks</Filter>
    </ClCompile>
    <ClCompile Include="HomeWorks\Lesson1.cpp">
      <Filter>HomeWorks</Filter>
    </ClCompile>
    <ClCompile Include="HomeWorks\Lesson2.cpp">
      <Filter>HomeWorks</Filter>
    </ClCompile>
  </ItemGroup>
  <ItemGroup>
    <ClInclude Include="TestProject.h">
      <Filter>Файлы заголовков</Filter>
    </ClInclude>
    <ClInclude Include="Lesson13.h">
      <Filter>HomeWorks</Filter>
    </ClInclude>
    <ClInclude Include="Utils\DateTimeExample.h">
      <Filter>Utils</Filter>
    </ClInclude>
    <ClInclude Include="Utils\FilesIO.h">
      <Filter>Файлы заголовков</Filter>
    </ClInclude>
    <ClInclude Include="HomeWorks\Lesson3.h">
      <Filter>HomeWorks</Filter>
    </ClInclude>
    <ClInclude Include="HomeWorks\Lesson4.h">
      <Filter>HomeWorks</Filter>
    </ClInclude>
    <ClInclude Include="HomeWorks\Lesson6.h">
      <Filter>HomeWorks</Filter>
    </ClInclude>
    <ClInclude Include="HomeWorks\Lesson7.h">
      <Filter>HomeWorks</Filter>
    </ClInclude>
    <ClInclude Include="HomeWorks\Lesson8Recurtion.h">
      <Filter>HomeWorks</Filter>
    </ClInclude>
    <ClInclude Include="HomeWorks\Lesson8Regular.h">
      <Filter>HomeWorks</Filter>
    </ClInclude>
    <ClInclude Include="HomeWorks\Lesson9.h">
      <Filter>HomeWorks</Filter>
    </ClInclude>
    <ClInclude Include="HomeWorks\Lesson10.h">
      <Filter>HomeWorks</Filter>
    </ClInclude>
    <ClInclude Include="HomeWorks\Lesson1.h">
      <Filter>HomeWorks</Filter>
    </ClInclude>
    <ClInclude Include="HomeWorks\Lesson2.h">
      <Filter>HomeWorks</Filter>
    </ClInclude>
    <ClInclude Include="HomeWorks\Lesson8.h">
      <Filter>HomeWorks</Filter>
    </ClInclude>
  </ItemGroup>
</Project>